anyio==4.14.2
boto3==1.43.83
botocore==1.43.83
fastapi==0.141.1
httpx==0.28.1
jmespath==1.1.0
joblib==1.5.3
moto==5.2.3
numpy==2.4.4
pandas==2.3.3
pydantic==2.13.5
pytest==9.1.1
python-dateutil==2.9.0.post0
s3transfer==0.19.2
scikit-learn==1.8.0
scipy==1.17.1
shap==0.52.0
starlette==1.6.0
statsmodels==0.15.0
streamlit==1.62.0
uvicorn==0.52.4
xgboost==3.4.1
